// !$*UTF8*$!
{
	archiveVersion = 1;
	classes = {
	};
	objectVersion = 50;
	objects = {

/* Begin PBXBuildFile section */
		79FEF71B20A0420700735CF7 /* AppDelegate.m in Sources */ = {isa = PBXBuildFile; fileRef = 79FEF71A20A0420700735CF7 /* AppDelegate.m */; };
		79FEF71E20A0420700735CF7 /* ViewController.m in Sources */ = {isa = PBXBuildFile; fileRef = 79FEF71D20A0420700735CF7 /* ViewController.m */; };
		79FEF72120A0420700735CF7 /* Main.storyboard in Resources */ = {isa = PBXBuildFile; fileRef = 79FEF71F20A0420700735CF7 /* Main.storyboard */; };
		79FEF72320A0420900735CF7 /* Assets.xcassets in Resources */ = {isa = PBXBuildFile; fileRef = 79FEF72220A0420900735CF7 /* Assets.xcassets */; };
		79FEF72620A0420900735CF7 /* LaunchScreen.storyboard in Resources */ = {isa = PBXBuildFile; fileRef = 79FEF72420A0420900735CF7 /* LaunchScreen.storyboard */; };
		79FEF72920A0420900735CF7 /* main.m in Sources */ = {isa = PBXBuildFile; fileRef = 79FEF72820A0420900735CF7 /* main.m */; };
		79FEF73320A0420900735CF7 /* gitTestTests.m in Sources */ = {isa = PBXBuildFile; fileRef = 79FEF73220A0420900735CF7 /* gitTestTests.m */; };
		79FEF73E20A0420900735CF7 /* gitTestUITests.m in Sources */ = {isa = PBXBuildFile; fileRef = 79FEF73D20A0420900735CF7 /* gitTestUITests.m */; };
/* End PBXBuildFile section */

/* Begin PBXContainerItemProxy section */
		79FEF72F20A0420900735CF7 /* PBXContainerItemProxy */ = {
			isa = PBXContainerItemProxy;
			containerPortal = 79FEF70E20A0420700735CF7 /* Project object */;
			proxyType = 1;
			remoteGlobalIDString = 79FEF71520A0420700735CF7;
			remoteInfo = gitTest;
		};
		79FEF73A20A0420900735CF7 /* PBXContainerItemProxy */ = {
			isa = PBXContainerItemProxy;
			containerPortal = 79FEF70E20A0420700735CF7 /* Project object */;
			proxyType = 1;
			remoteGlobalIDString = 79FEF71520A0420700735CF7;
			remoteInfo = gitTest;
		};
/* End PBXContainerItemProxy section */

/* Begin PBXFileReference section */
		79FEF71620A0420700735CF7 /* gitTest.app */ = {isa = PBXFileReference; explicitFileType = wrapper.application; includeInIndex = 0; path = gitTest.app; sourceTree = BUILT_PRODUCTS_DIR; };
		79FEF71920A0420700735CF7 /* AppDelegate.h */ = {isa = PBXFileReference; lastKnownFileType = sourcecode.c.h; path = AppDelegate.h; sourceTree = "<group>"; };
		79FEF71A20A0420700735CF7 /* AppDelegate.m */ = {isa = PBXFileReference; lastKnownFileType = sourcecode.c.objc; path = AppDelegate.m; sourceTree = "<group>"; };
		79FEF71C20A0420700735CF7 /* ViewController.h */ = {isa = PBXFileReference; lastKnownFileType = sourcecode.c.h; path = ViewController.h; sourceTree = "<group>"; };
		79FEF71D20A0420700735CF7 /* ViewController.m */ = {isa = PBXFileReference; lastKnownFileType = sourcecode.c.objc; path = ViewController.m; sourceTree = "<group>"; };
		79FEF72020A0420700735CF7 /* Base */ = {isa = PBXFileReference; lastKnownFileType = file.storyboard; name = Base; path = Base.lproj/Main.storyboard; sourceTree = "<group>"; };
		79FEF72220A0420900735CF7 /* Assets.xcassets */ = {isa = PBXFileReference; lastKnownFileType = folder.assetcatalog; path = Assets.xcassets; sourceTree = "<group>"; };
		79FEF72520A0420900735CF7 /* Base */ = {isa = PBXFileReference; lastKnownFileType = file.storyboard; name = Base; path = Base.lproj/LaunchScreen.storyboard; sourceTree = "<group>"; };
		79FEF72720A0420900735CF7 /* Info.plist */ = {isa = PBXFileReference; lastKnownFileType = text.plist.xml; path = Info.plist; sourceTree = "<group>"; };
		79FEF72820A0420900735CF7 /* main.m */ = {isa = PBXFileReference; lastKnownFileType = sourcecode.c.objc; path = main.m; sourceTree = "<group>"; };
		79FEF72E20A0420900735CF7 /* gitTestTests.xctest */ = {isa = PBXFileReference; explicitFileType = wrapper.cfbundle; includeInIndex = 0; path = gitTestTests.xctest; sourceTree = BUILT_PRODUCTS_DIR; };
		79FEF73220A0420900735CF7 /* gitTestTests.m */ = {isa = PBXFileReference; lastKnownFileType = sourcecode.c.objc; path = gitTestTests.m; sourceTree = "<group>"; };
		79FEF73420A0420900735CF7 /* Info.plist */ = {isa = PBXFileReference; lastKnownFileType = text.plist.xml; path = Info.plist; sourceTree = "<group>"; };
		79FEF73920A0420900735CF7 /* gitTestUITests.xctest */ = {isa = PBXFileReference; explicitFileType = wrapper.cfbundle; includeInIndex = 0; path = gitTestUITests.xctest; sourceTree = BUILT_PRODUCTS_DIR; };
		79FEF73D20A0420900735CF7 /* gitTestUITests.m */ = {isa = PBXFileReference; lastKnownFileType = sourcecode.c.objc; path = gitTestUITests.m; sourceTree = "<group>"; };
		79FEF73F20A0420900735CF7 /* Info.plist */ = {isa = PBXFileReference; lastKnownFileType = text.plist.xml; path = Info.plist; sourceTree = "<group>"; };
/* End PBXFileReference section */

/* Begin PBXFrameworksBuildPhase section */
		79FEF71320A0420700735CF7 /* Frameworks */ = {
			isa = PBXFrameworksBuildPhase;
			buildActionMask = 2147483647;
			files = (
			);
			runOnlyForDeploymentPostprocessing = 0;
		};
		79FEF72B20A0420900735CF7 /* Frameworks */ = {
			isa = PBXFrameworksBuildPhase;
			buildActionMask = 2147483647;
			files = (
			);
			runOnlyForDeploymentPostprocessing = 0;
		};
		79FEF73620A0420900735CF7 /* Frameworks */ = {
			isa = PBXFrameworksBuildPhase;
			buildActionMask = 2147483647;
			files = (
			);
			runOnlyForDeploymentPostprocessing = 0;
		};
/* End PBXFrameworksBuildPhase section */

/* Begin PBXGroup section */
		79FEF70D20A0420700735CF7 = {
			isa = PBXGroup;
			children = (
				79FEF71820A0420700735CF7 /* gitTest */,
				79FEF73120A0420900735CF7 /* gitTestTests */,
				79FEF73C20A0420900735CF7 /* gitTestUITests */,
				79FEF71720A0420700735CF7 /* Products */,
			);
			sourceTree = "<group>";
		};
		79FEF71720A0420700735CF7 /* Products */ = {
			isa = PBXGroup;
			children = (
				79FEF71620A0420700735CF7 /* gitTest.app */,
				79FEF72E20A0420900735CF7 /* gitTestTests.xctest */,
				79FEF73920A0420900735CF7 /* gitTestUITests.xctest */,
			);
			name = Products;
			sourceTree = "<group>";
		};
		79FEF71820A0420700735CF7 /* gitTest */ = {
			isa = PBXGroup;
			children = (
				79FEF71920A0420700735CF7 /* AppDelegate.h */,
				79FEF71A20A0420700735CF7 /* AppDelegate.m */,
				79FEF71C20A0420700735CF7 /* ViewController.h */,
				79FEF71D20A0420700735CF7 /* ViewController.m */,
				79FEF71F20A0420700735CF7 /* Main.storyboard */,
				79FEF72220A0420900735CF7 /* Assets.xcassets */,
				79FEF72420A0420900735CF7 /* LaunchScreen.storyboard */,
				79FEF72720A0420900735CF7 /* Info.plist */,
				79FEF72820A0420900735CF7 /* main.m */,
			);
			path = gitTest;
			sourceTree = "<group>";
		};
		79FEF73120A0420900735CF7 /* gitTestTests */ = {
			isa = PBXGroup;
			children = (
				79FEF73220A0420900735CF7 /* gitTestTests.m */,
				79FEF73420A0420900735CF7 /* Info.plist */,
			);
			path = gitTestTests;
			sourceTree = "<group>";
		};
		79FEF73C20A0420900735CF7 /* gitTestUITests */ = {
			isa = PBXGroup;
			children = (
				79FEF73D20A0420900735CF7 /* gitTestUITests.m */,
				79FEF73F20A0420900735CF7 /* Info.plist */,
			);
			path = gitTestUITests;
			sourceTree = "<group>";
		};
/* End PBXGroup section */

/* Begin PBXNativeTarget section */
		79FEF71520A0420700735CF7 /* gitTest */ = {
			isa = PBXNativeTarget;
			buildConfigurationList = 79FEF74220A0420900735CF7 /* Build configuration list for PBXNativeTarget "gitTest" */;
			buildPhases = (
				79FEF71220A0420700735CF7 /* Sources */,
				79FEF71320A0420700735CF7 /* Frameworks */,
				79FEF71420A0420700735CF7 /* Resources */,
			);
			buildRules = (
			);
			dependencies = (
			);
			name = gitTest;
			productName = gitTest;
			productReference = 79FEF71620A0420700735CF7 /* gitTest.app */;
			productType = "com.apple.product-type.application";
		};
		79FEF72D20A0420900735CF7 /* gitTestTests */ = {
			isa = PBXNativeTarget;
			buildConfigurationList = 79FEF74520A0420900735CF7 /* Build configuration list for PBXNativeTarget "gitTestTests" */;
			buildPhases = (
				79FEF72A20A0420900735CF7 /* Sources */,
				79FEF72B20A0420900735CF7 /* Frameworks */,
				79FEF72C20A0420900735CF7 /* Resources */,
			);
			buildRules = (
			);
			dependencies = (
				79FEF73020A0420900735CF7 /* PBXTargetDependency */,
			);
			name = gitTestTests;
			productName = gitTestTests;
			productReference = 79FEF72E20A0420900735CF7 /* gitTestTests.xctest */;
			productType = "com.apple.product-type.bundle.unit-test";
		};
		79FEF73820A0420900735CF7 /* gitTestUITests */ = {
			isa = PBXNativeTarget;
			buildConfigurationList = 79FEF74820A0420900735CF7 /* Build configuration list for PBXNativeTarget "gitTestUITests" */;
			buildPhases = (
				79FEF73520A0420900735CF7 /* Sources */,
				79FEF73620A0420900735CF7 /* Frameworks */,
				79FEF73720A0420900735CF7 /* Resources */,
			);
			buildRules = (
			);
			dependencies = (
				79FEF73B20A0420900735CF7 /* PBXTargetDependency */,
			);
			name = gitTestUITests;
			productName = gitTestUITests;
			productReference = 79FEF73920A0420900735CF7 /* gitTestUITests.xctest */;
			productType = "com.apple.product-type.bundle.ui-testing";
		};
/* End PBXNativeTarget section */

/* Begin PBXProject section */
		79FEF70E20A0420700735CF7 /* Project object */ = {
			isa = PBXProject;
			attributes = {
				LastUpgradeCheck = 0930;
				ORGANIZATIONNAME = chenjinzhi;
				TargetAttributes = {
					79FEF71520A0420700735CF7 = {
						CreatedOnToolsVersion = 9.3;
					};
					79FEF72D20A0420900735CF7 = {
						CreatedOnToolsVersion = 9.3;
						TestTargetID = 79FEF71520A0420700735CF7;
					};
					79FEF73820A0420900735CF7 = {
						CreatedOnToolsVersion = 9.3;
						TestTargetID = 79FEF71520A0420700735CF7;
					};
				};
			};
			buildConfigurationList = 79FEF71120A0420700735CF7 /* Build configuration list for PBXProject "gitTest" */;
			compatibilityVersion = "Xcode 9.3";
			developmentRegion = en;
			hasScannedForEncodings = 0;
			knownRegions = (
				en,
				Base,
			);
			mainGroup = 79FEF70D20A0420700735CF7;
			productRefGroup = 79FEF71720A0420700735CF7 /* Products */;
			projectDirPath = "";
			projectRoot = "";
			targets = (
				79FEF71520A0420700735CF7 /* gitTest */,
				79FEF72D20A0420900735CF7 /* gitTestTests */,
				79FEF73820A0420900735CF7 /* gitTestUITests */,
			);
		};
/* End PBXProject section */

/* Begin PBXResourcesBuildPhase section */
		79FEF71420A0420700735CF7 /* Resources */ = {
			isa = PBXResourcesBuildPhase;
			buildActionMask = 2147483647;
			files = (
				79FEF72620A0420900735CF7 /* LaunchScreen.storyboard in Resources */,
				79FEF72320A0420900735CF7 /* Assets.xcassets in Resources */,
				79FEF72120A0420700735CF7 /* Main.storyboard in Resources */,
			);
			runOnlyForDeploymentPostprocessing = 0;
		};
		79FEF72C20A0420900735CF7 /* Resources */ = {
			isa = PBXResourcesBuildPhase;
			buildActionMask = 2147483647;
			files = (
			);
			runOnlyForDeploymentPostprocessing = 0;
		};
		79FEF73720A0420900735CF7 /* Resources */ = {
			isa = PBXResourcesBuildPhase;
			buildActionMask = 2147483647;
			files = (
			);
			runOnlyForDeploymentPostprocessing = 0;
		};
/* End PBXResourcesBuildPhase section */

/* Begin PBXSourcesBuildPhase section */
		79FEF71220A0420700735CF7 /* Sources */ = {
			isa = PBXSourcesBuildPhase;
			buildActionMask = 2147483647;
			files = (
				79FEF71E20A0420700735CF7 /* ViewController.m in Sources */,
				79FEF72920A0420900735CF7 /* main.m in Sources */,
				79FEF71B20A0420700735CF7 /* AppDelegate.m in Sources */,
			);
			runOnlyForDeploymentPostprocessing = 0;
		};
		79FEF72A20A0420900735CF7 /* Sources */ = {
			isa = PBXSourcesBuildPhase;
			buildActionMask = 2147483647;
			files = (
				79FEF73320A0420900735CF7 /* gitTestTests.m in Sources */,
			);
			runOnlyForDeploymentPostprocessing = 0;
		};
		79FEF73520A0420900735CF7 /* Sources */ = {
			isa = PBXSourcesBuildPhase;
			buildActionMask = 2147483647;
			files = (
				79FEF73E20A0420900735CF7 /* gitTestUITests.m in Sources */,
			);
			runOnlyForDeploymentPostprocessing = 0;
		};
/* End PBXSourcesBuildPhase section */

/* Begin PBXTargetDependency section */
		79FEF73020A0420900735CF7 /* PBXTargetDependency */ = {
			isa = PBXTargetDependency;
			target = 79FEF71520A0420700735CF7 /* gitTest */;
			targetProxy = 79FEF72F20A0420900735CF7 /* PBXContainerItemProxy */;
		};
		79FEF73B20A0420900735CF7 /* PBXTargetDependency */ = {
			isa = PBXTargetDependency;
			target = 79FEF71520A0420700735CF7 /* gitTest */;
			targetProxy = 79FEF73A20A0420900735CF7 /* PBXContainerItemProxy */;
		};
/* End PBXTargetDependency section */

/* Begin PBXVariantGroup section */
		79FEF71F20A0420700735CF7 /* Main.storyboard */ = {
			isa = PBXVariantGroup;
			children = (
				79FEF72020A0420700735CF7 /* Base */,
			);
			name = Main.storyboard;
			sourceTree = "<group>";
		};
		79FEF72420A0420900735CF7 /* LaunchScreen.storyboard */ = {
			isa = PBXVariantGroup;
			children = (
				79FEF72520A0420900735CF7 /* Base */,
			);
			name = LaunchScreen.storyboard;
			sourceTree = "<group>";
		};
/* End PBXVariantGroup section */

/* Begin XCBuildConfiguration section */
		79FEF74020A0420900735CF7 /* Debug */ = {
			isa = XCBuildConfiguration;
			buildSettings = {
				ALWAYS_SEARCH_USER_PATHS = NO;
				CLANG_ANALYZER_NONNULL = YES;
				CLANG_ANALYZER_NUMBER_OBJECT_CONVERSION = YES_AGGRESSIVE;
				CLANG_CXX_LANGUAGE_STANDARD = "gnu++14";
				CLANG_CXX_LIBRARY = "libc++";
				CLANG_ENABLE_MODULES = YES;
				CLANG_ENABLE_OBJC_ARC = YES;
				CLANG_ENABLE_OBJC_WEAK = YES;
				CLANG_WARN_BLOCK_CAPTURE_AUTORELEASING = YES;
				CLANG_WARN_BOOL_CONVERSION = YES;
				CLANG_WARN_COMMA = YES;
				CLANG_WARN_CONSTANT_CONVERSION = YES;
				CLANG_WARN_DEPRECATED_OBJC_IMPLEMENTATIONS = YES;
				CLANG_WARN_DIRECT_OBJC_ISA_USAGE = YES_ERROR;
				CLANG_WARN_DOCUMENTATION_COMMENTS = YES;
				CLANG_WARN_EMPTY_BODY = YES;
				CLANG_WARN_ENUM_CONVERSION = YES;
				CLANG_WARN_INFINITE_RECURSION = YES;
				CLANG_WARN_INT_CONVERSION = YES;
				CLANG_WARN_NON_LITERAL_NULL_CONVERSION = YES;
				CLANG_WARN_OBJC_IMPLICIT_RETAIN_SELF = YES;
				CLANG_WARN_OBJC_LITERAL_CONVERSION = YES;
				CLANG_WARN_OBJC_ROOT_CLASS = YES_ERROR;
				CLANG_WARN_RANGE_LOOP_ANALYSIS = YES;
				CLANG_WARN_STRICT_PROTOTYPES = YES;
				CLANG_WARN_SUSPICIOUS_MOVE = YES;
				CLANG_WARN_UNGUARDED_AVAILABILITY = YES_AGGRESSIVE;
				CLANG_WARN_UNREACHABLE_CODE = YES;
				CLANG_WARN__DUPLICATE_METHOD_MATCH = YES;
				CODE_SIGN_IDENTITY = "iPhone Developer";
				COPY_PHASE_STRIP = NO;
				DEBUG_INFORMATION_FORMAT = dwarf;
				ENABLE_STRICT_OBJC_MSGSEND = YES;
				ENABLE_TESTABILITY = YES;
				GCC_C_LANGUAGE_STANDARD = gnu11;
				GCC_DYNAMIC_NO_PIC = NO;
				GCC_NO_COMMON_BLOCKS = YES;
				GCC_OPTIMIZATION_LEVEL = 0;
				GCC_PREPROCESSOR_DEFINITIONS = (
					"DEBUG=1",
					"$(inherited)",
				);
				GCC_WARN_64_TO_32_BIT_CONVERSION = YES;
				GCC_WARN_ABOUT_RETURN_TYPE = YES_ERROR;
				GCC_WARN_UNDECLARED_SELECTOR = YES;
				GCC_WARN_UNINITIALIZED_AUTOS = YES_AGGRESSIVE;
				GCC_WARN_UNUSED_FUNCTION = YES;
				GCC_WARN_UNUSED_VARIABLE = YES;
				IPHONEOS_DEPLOYMENT_TARGET = 11.3;
				MTL_ENABLE_DEBUG_INFO = YES;
				ONLY_ACTIVE_ARCH = YES;
				SDKROOT = iphoneos;
			};
			name = Debug;
		};
		79FEF74120A0420900735CF7 /* Release */ = {
			isa = XCBuildConfiguration;
			buildSettings = {
				ALWAYS_SEARCH_USER_PATHS = NO;
				CLANG_ANALYZER_NONNULL = YES;
				CLANG_ANALYZER_NUMBER_OBJECT_CONVERSION = YES_AGGRESSIVE;
				CLANG_CXX_LANGUAGE_STANDARD = "gnu++14";
				CLANG_CXX_LIBRARY = "libc++";
				CLANG_ENABLE_MODULES = YES;
				CLANG_ENABLE_OBJC_ARC = YES;
				CLANG_ENABLE_OBJC_WEAK = YES;
				CLANG_WARN_BLOCK_CAPTURE_AUTORELEASING = YES;
				CLANG_WARN_BOOL_CONVERSION = YES;
				CLANG_WARN_COMMA = YES;
				CLANG_WARN_CONSTANT_CONVERSION = YES;
				CLANG_WARN_DEPRECATED_OBJC_IMPLEMENTATIONS = YES;
				CLANG_WARN_DIRECT_OBJC_ISA_USAGE = YES_ERROR;
				CLANG_WARN_DOCUMENTATION_COMMENTS = YES;
				CLANG_WARN_EMPTY_BODY = YES;
				CLANG_WARN_ENUM_CONVERSION = YES;
				CLANG_WARN_INFINITE_RECURSION = YES;
				CLANG_WARN_INT_CONVERSION = YES;
				CLANG_WARN_NON_LITERAL_NULL_CONVERSION = YES;
				CLANG_WARN_OBJC_IMPLICIT_RETAIN_SELF = YES;
				CLANG_WARN_OBJC_LITERAL_CONVERSION = YES;
				CLANG_WARN_OBJC_ROOT_CLASS = YES_ERROR;
				CLANG_WARN_RANGE_LOOP_ANALYSIS = YES;
				CLANG_WARN_STRICT_PROTOTYPES = YES;
				CLANG_WARN_SUSPICIOUS_MOVE = YES;
				CLANG_WARN_UNGUARDED_AVAILABILITY = YES_AGGRESSIVE;
				CLANG_WARN_UNREACHABLE_CODE = YES;
				CLANG_WARN__DUPLICATE_METHOD_MATCH = YES;
				CODE_SIGN_IDENTITY = "iPhone Developer";
				COPY_PHASE_STRIP = NO;
				DEBUG_INFORMATION_FORMAT = "dwarf-with-dsym";
				ENABLE_NS_ASSERTIONS = NO;
				ENABLE_STRICT_OBJC_MSGSEND = YES;
				GCC_C_LANGUAGE_STANDARD = gnu11;
				GCC_NO_COMMON_BLOCKS = YES;
				GCC_WARN_64_TO_32_BIT_CONVERSION = YES;
				GCC_WARN_ABOUT_RETURN_TYPE = YES_ERROR;
				GCC_WARN_UNDECLARED_SELECTOR = YES;
				GCC_WARN_UNINITIALIZED_AUTOS = YES_AGGRESSIVE;
				GCC_WARN_UNUSED_FUNCTION = YES;
				GCC_WARN_UNUSED_VARIABLE = YES;
				IPHONEOS_DEPLOYMENT_TARGET = 11.3;
				MTL_ENABLE_DEBUG_INFO = NO;
				SDKROOT = iphoneos;
				VALIDATE_PRODUCT = YES;
			};
			name = Release;
		};
		79FEF74320A0420900735CF7 /* Debug */ = {
			isa = XCBuildConfiguration;
			buildSettings = {
				ASSETCATALOG_COMPILER_APPICON_NAME = AppIcon;
				CODE_SIGN_STYLE = Automatic;
				DEVELOPMENT_TEAM = 9FQUWM96J7;
				INFOPLIST_FILE = gitTest/Info.plist;
				LD_RUNPATH_SEARCH_PATHS = (
					"$(inherited)",
					"@executable_path/Frameworks",
				);
				PRODUCT_BUNDLE_IDENTIFIER = CJZ.gitTest;
				PRODUCT_NAME = "$(TARGET_NAME)";
				TARGETED_DEVICE_FAMILY = "1,2";
			};
			name = Debug;
		};
		79FEF74420A0420900735CF7 /* Release */ = {
			isa = XCBuildConfiguration;
			buildSettings = {
				ASSETCATALOG_COMPILER_APPICON_NAME = AppIcon;
				CODE_SIGN_STYLE = Automatic;
				DEVELOPMENT_TEAM = 9FQUWM96J7;
				INFOPLIST_FILE = gitTest/Info.plist;
				LD_RUNPATH_SEARCH_PATHS = (
					"$(inherited)",
					"@executable_path/Frameworks",
				);
				PRODUCT_BUNDLE_IDENTIFIER = CJZ.gitTest;
				PRODUCT_NAME = "$(TARGET_NAME)";
				TARGETED_DEVICE_FAMILY = "1,2";
			};
			name = Release;
		};
		79FEF74620A0420900735CF7 /* Debug */ = {
			isa = XCBuildConfiguration;
			buildSettings = {
				BUNDLE_LOADER = "$(TEST_HOST)";
				CODE_SIGN_STYLE = Automatic;
				DEVELOPMENT_TEAM = 9FQUWM96J7;
				INFOPLIST_FILE = gitTestTests/Info.plist;
				LD_RUNPATH_SEARCH_PATHS = (
					"$(inherited)",
					"@executable_path/Frameworks",
					"@loader_path/Frameworks",
				);
				PRODUCT_BUNDLE_IDENTIFIER = CJZ.gitTestTests;
				PRODUCT_NAME = "$(TARGET_NAME)";
				TARGETED_DEVICE_FAMILY = "1,2";
				TEST_HOST = "$(BUILT_PRODUCTS_DIR)/gitTest.app/gitTest";
			};
			name = Debug;
		};
		79FEF74720A0420900735CF7 /* Release */ = {
			isa = XCBuildConfiguration;
			buildSettings = {
				BUNDLE_LOADER = "$(TEST_HOST)";
				CODE_SIGN_STYLE = Automatic;
				DEVELOPMENT_TEAM = 9FQUWM96J7;
				INFOPLIST_FILE = gitTestTests/Info.plist;
				LD_RUNPATH_SEARCH_PATHS = (
					"$(inherited)",
					"@executable_path/Frameworks",
					"@loader_path/Frameworks",
				);
				PRODUCT_BUNDLE_IDENTIFIER = CJZ.gitTestTests;
				PRODUCT_NAME = "$(TARGET_NAME)";
				TARGETED_DEVICE_FAMILY = "1,2";
				TEST_HOST = "$(BUILT_PRODUCTS_DIR)/gitTest.app/gitTest";
			};
			name = Release;
		};
		79FEF74920A0420900735CF7 /* Debug */ = {
			isa = XCBuildConfiguration;
			buildSettings = {
				CODE_SIGN_STYLE = Automatic;
				DEVELOPMENT_TEAM = 9FQUWM96J7;
				INFOPLIST_FILE = gitTestUITests/Info.plist;
				LD_RUNPATH_SEARCH_PATHS = (
					"$(inherited)",
					"@executable_path/Frameworks",
					"@loader_path/Frameworks",
				);
				PRODUCT_BUNDLE_IDENTIFIER = CJZ.gitTestUITests;
				PRODUCT_NAME = "$(TARGET_NAME)";
				TARGETED_DEVICE_FAMILY = "1,2";
				TEST_TARGET_NAME = gitTest;
			};
			name = Debug;
		};
		79FEF74A20A0420900735CF7 /* Release */ = {
			isa = XCBuildConfiguration;
			buildSettings = {
				CODE_SIGN_STYLE = Automatic;
				DEVELOPMENT_TEAM = 9FQUWM96J7;
				INFOPLIST_FILE = gitTestUITests/Info.plist;
				LD_RUNPATH_SEARCH_PATHS = (
					"$(inherited)",
					"@executable_path/Frameworks",
					"@loader_path/Frameworks",
				);
				PRODUCT_BUNDLE_IDENTIFIER = CJZ.gitTestUITests;
				PRODUCT_NAME = "$(TARGET_NAME)";
				TARGETED_DEVICE_FAMILY = "1,2";
				TEST_TARGET_NAME = gitTest;
			};
			name = Release;
		};
/* End XCBuildConfiguration section */

/* Begin XCConfigurationList section */
		79FEF71120A0420700735CF7 /* Build configuration list for PBXProject "gitTest" */ = {
			isa = XCConfigurationList;
			buildConfigurations = (
				79FEF74020A0420900735CF7 /* Debug */,
				79FEF74120A0420900735CF7 /* Release */,
			);
			defaultConfigurationIsVisible = 0;
			defaultConfigurationName = Release;
		};
		79FEF74220A0420900735CF7 /* Build configuration list for PBXNativeTarget "gitTest" */ = {
			isa = XCConfigurationList;
			buildConfigurations = (
				79FEF74320A0420900735CF7 /* Debug */,
				79FEF74420A0420900735CF7 /* Release */,
			);
			defaultConfigurationIsVisible = 0;
			defaultConfigurationName = Release;
		};
		79FEF74520A0420900735CF7 /* Build configuration list for PBXNativeTarget "gitTestTests" */ = {
			isa = XCConfigurationList;
			buildConfigurations = (
				79FEF74620A0420900735CF7 /* Debug */,
				79FEF74720A0420900735CF7 /* Release */,
			);
			defaultConfigurationIsVisible = 0;
			defaultConfigurationName = Release;
		};
		79FEF74820A0420900735CF7 /* Build configuration list for PBXNativeTarget "gitTestUITests" */ = {
			isa = XCConfigurationList;
			buildConfigurations = (
				79FEF74920A0420900735CF7 /* Debug */,
				79FEF74A20A0420900735CF7 /* Release */,
			);
			defaultConfigurationIsVisible = 0;
			defaultConfigurationName = Release;
		};
/* End XCConfigurationList section */
	};
	rootObject = 79FEF70E20A0420700735CF7 /* Project object */;
}
